# This file is generated by running "yarn install" inside your project.
# Manual changes might be lost - proceed with caution!

__metadata:
  version: 6
  cacheKey: 8

"@types/node@npm:^17.0.40":
  version: 17.0.40
  resolution: "@types/node@npm:17.0.40"
  checksum: e3b2fe876672fbe4be84ce17773944eb2f5eaba50e2c6c0536bdf6d4972ed6488581580581f154183fdc8f2d56fa42a42e3d6e83b9b71ee25adea16a84765e92
  languageName: node
  linkType: hard

"original-lisp@workspace:.":
  version: 0.0.0-use.local
  resolution: "original-lisp@workspace:."
  dependencies:
    "@types/node": ^17.0.40
    typescript: next
  languageName: unknown
  linkType: soft

"typescript@npm:next":
  version: 4.8.0-dev.20220606
  resolution: "typescript@npm:4.8.0-dev.20220606"
  bin:
    tsc: bin/tsc
    tsserver: bin/tsserver
  checksum: 8dad805a5bd89ac436ffee985aec20329b4f967efbf2c308bfb738a2d2f6f4a23ff19d0d6642ca89d97cf2cefe4d50e0338e1f31456e6f96389413b3c4ac9bdc
  languageName: node
  linkType: hard

"typescript@patch:typescript@next#~builtin<compat/typescript>":
  version: 4.8.0-dev.20220606
  resolution: "typescript@patch:typescript@npm%3A4.8.0-dev.20220606#~builtin<compat/typescript>::version=4.8.0-dev.20220606&hash=7ad353"
  bin:
    tsc: bin/tsc
    tsserver: bin/tsserver
  checksum: b4afcb053752fa697a5db422af367a15aea91ad3e61d155f9738cb3c41c74900e4609d7b811ed0ad8f146d1c0e0aac61315685fccfb5220c50918f25a27fcf9c
  languageName: node
  linkType: hard
